
Microsoft Visual Studio Solution File, Format Version 11.00
# Visual Studio 2010
Project("{E24C65DC-7377-472B-9ABA-BC803B73C61A}") = "OutletManager", ".", "{3D54A98B-6BB8-4792-BFD2-6A7FA83BA490}"
	ProjectSection(WebsiteProperties) = preProject
		TargetFrameworkMoniker = ".NETFramework,Version%3Dv4.0"
		Debug.AspNetCompiler.VirtualPath = "/OutletManager"
		Debug.AspNetCompiler.PhysicalPath = "..\OutletManager\"
		Debug.AspNetCompiler.TargetPath = "PrecompiledWeb\OutletManager\"
		Debug.AspNetCompiler.Updateable = "true"
		Debug.AspNetCompiler.ForceOverwrite = "true"
		Debug.AspNetCompiler.FixedNames = "false"
		Debug.AspNetCompiler.Debug = "True"
		Release.AspNetCompiler.VirtualPath = "/OutletManager"
		Release.AspNetCompiler.PhysicalPath = "..\OutletManager\"
		Release.AspNetCompiler.TargetPath = "PrecompiledWeb\OutletManager\"
		Release.AspNetCompiler.Updateable = "true"
		Release.AspNetCompiler.ForceOverwrite = "true"
		Release.AspNetCompiler.FixedNames = "false"
		Release.AspNetCompiler.Debug = "False"
		VWDPort = "51945"
	EndProjectSection
EndProject
Global
	GlobalSection(SolutionConfigurationPlatforms) = preSolution
		Debug|Any CPU = Debug|Any CPU
	EndGlobalSection
	GlobalSection(ProjectConfigurationPlatforms) = postSolution
		{3D54A98B-6BB8-4792-BFD2-6A7FA83BA490}.Debug|Any CPU.ActiveCfg = Debug|Any CPU
		{3D54A98B-6BB8-4792-BFD2-6A7FA83BA490}.Debug|Any CPU.Build.0 = Debug|Any CPU
	EndGlobalSection
	GlobalSection(SolutionProperties) = preSolution
		HideSolutionNode = FALSE
	EndGlobalSection
EndGlobal
